// !$*UTF8*$!
{
	archiveVersion = 1;
	classes = {
	};
	objectVersion = 51;
	objects = {

/* Begin PBXBuildFile section */
		1FB92A602449C7BD008716C1 /* AuthViewController.swift in Sources */ = {isa = PBXBuildFile; fileRef = 1FB92A4E2449C7BD008716C1 /* AuthViewController.swift */; };
		1FB92A612449C7BD008716C1 /* AuthViewController.storyboard in Resources */ = {isa = PBXBuildFile; fileRef = 1FB92A4F2449C7BD008716C1 /* AuthViewController.storyboard */; };
		1FB92A622449C7BD008716C1 /* Assets.xcassets in Resources */ = {isa = PBXBuildFile; fileRef = 1FB92A512449C7BD008716C1 /* Assets.xcassets */; };
		1FB92A632449C7BD008716C1 /* LaunchScreen.storyboard in Resources */ = {isa = PBXBuildFile; fileRef = 1FB92A522449C7BD008716C1 /* LaunchScreen.storyboard */; };
		1FB92A642449C7BD008716C1 /* AppDelegate.swift in Sources */ = {isa = PBXBuildFile; fileRef = 1FB92A542449C7BD008716C1 /* AppDelegate.swift */; };
		1FB92A662449C7BD008716C1 /* SceneDelegate.swift in Sources */ = {isa = PBXBuildFile; fileRef = 1FB92A562449C7BD008716C1 /* SceneDelegate.swift */; };
		1FB92A672449C7BD008716C1 /* FeedViewController.storyboard in Resources */ = {isa = PBXBuildFile; fileRef = 1FB92A582449C7BD008716C1 /* FeedViewController.storyboard */; };
		1FB92A682449C7BD008716C1 /* FeedViewController.swift in Sources */ = {isa = PBXBuildFile; fileRef = 1FB92A592449C7BD008716C1 /* FeedViewController.swift */; };
		1FB92A692449C7BD008716C1 /* UIViewController + Storyboard.swift in Sources */ = {isa = PBXBuildFile; fileRef = 1FB92A5B2449C7BD008716C1 /* UIViewController + Storyboard.swift */; };
		1FB92A6A2449C7BD008716C1 /* NetworkService.swift in Sources */ = {isa = PBXBuildFile; fileRef = 1FB92A5D2449C7BD008716C1 /* NetworkService.swift */; };
		1FB92A6B2449C7BD008716C1 /* AuthService.swift in Sources */ = {isa = PBXBuildFile; fileRef = 1FB92A5E2449C7BD008716C1 /* AuthService.swift */; };
		1FB92A6C2449C7BD008716C1 /* API.swift in Sources */ = {isa = PBXBuildFile; fileRef = 1FB92A5F2449C7BD008716C1 /* API.swift */; };
		E9FF65F60057C2EF1C8CBA51 /* libPods-VKNewsFeed.a in Frameworks */ = {isa = PBXBuildFile; fileRef = 6F0827CCF396EEE08B8AEBCA /* libPods-VKNewsFeed.a */; };
/* End PBXBuildFile section */

/* Begin PBXCopyFilesBuildPhase section */
		1F97F9512449E22300057553 /* Embed Frameworks */ = {
			isa = PBXCopyFilesBuildPhase;
			buildActionMask = 2147483647;
			dstPath = "";
			dstSubfolderSpec = 10;
			files = (
			);
			name = "Embed Frameworks";
			runOnlyForDeploymentPostprocessing = 0;
		};
/* End PBXCopyFilesBuildPhase section */

/* Begin PBXFileReference section */
		1FB92A352449C28B008716C1 /* VKNewsFeed.app */ = {isa = PBXFileReference; explicitFileType = wrapper.application; includeInIndex = 0; path = VKNewsFeed.app; sourceTree = BUILT_PRODUCTS_DIR; };
		1FB92A4E2449C7BD008716C1 /* AuthViewController.swift */ = {isa = PBXFileReference; fileEncoding = 4; lastKnownFileType = sourcecode.swift; path = AuthViewController.swift; sourceTree = "<group>"; };
		1FB92A4F2449C7BD008716C1 /* AuthViewController.storyboard */ = {isa = PBXFileReference; fileEncoding = 4; lastKnownFileType = file.storyboard; path = AuthViewController.storyboard; sourceTree = "<group>"; };
		1FB92A512449C7BD008716C1 /* Assets.xcassets */ = {isa = PBXFileReference; lastKnownFileType = folder.assetcatalog; path = Assets.xcassets; sourceTree = "<group>"; };
		1FB92A532449C7BD008716C1 /* Base */ = {isa = PBXFileReference; lastKnownFileType = file.storyboard; name = Base; path = Base.lproj/LaunchScreen.storyboard; sourceTree = "<group>"; };
		1FB92A542449C7BD008716C1 /* AppDelegate.swift */ = {isa = PBXFileReference; fileEncoding = 4; lastKnownFileType = sourcecode.swift; path = AppDelegate.swift; sourceTree = "<group>"; };
		1FB92A552449C7BD008716C1 /* Info.plist */ = {isa = PBXFileReference; fileEncoding = 4; lastKnownFileType = text.plist.xml; path = Info.plist; sourceTree = "<group>"; };
		1FB92A562449C7BD008716C1 /* SceneDelegate.swift */ = {isa = PBXFileReference; fileEncoding = 4; lastKnownFileType = sourcecode.swift; path = SceneDelegate.swift; sourceTree = "<group>"; };
		1FB92A582449C7BD008716C1 /* FeedViewController.storyboard */ = {isa = PBXFileReference; fileEncoding = 4; lastKnownFileType = file.storyboard; path = FeedViewController.storyboard; sourceTree = "<group>"; };
		1FB92A592449C7BD008716C1 /* FeedViewController.swift */ = {isa = PBXFileReference; fileEncoding = 4; lastKnownFileType = sourcecode.swift; path = FeedViewController.swift; sourceTree = "<group>"; };
		1FB92A5B2449C7BD008716C1 /* UIViewController + Storyboard.swift */ = {isa = PBXFileReference; fileEncoding = 4; lastKnownFileType = sourcecode.swift; path = "UIViewController + Storyboard.swift"; sourceTree = "<group>"; };
		1FB92A5D2449C7BD008716C1 /* NetworkService.swift */ = {isa = PBXFileReference; fileEncoding = 4; lastKnownFileType = sourcecode.swift; path = NetworkService.swift; sourceTree = "<group>"; };
		1FB92A5E2449C7BD008716C1 /* AuthService.swift */ = {isa = PBXFileReference; fileEncoding = 4; lastKnownFileType = sourcecode.swift; path = AuthService.swift; sourceTree = "<group>"; };
		1FB92A5F2449C7BD008716C1 /* API.swift */ = {isa = PBXFileReference; fileEncoding = 4; lastKnownFileType = sourcecode.swift; path = API.swift; sourceTree = "<group>"; };
		26DF8E0F5C5BD0B1882161D5 /* Pods_VKNewsFeed.framework */ = {isa = PBXFileReference; explicitFileType = wrapper.framework; includeInIndex = 0; path = Pods_VKNewsFeed.framework; sourceTree = BUILT_PRODUCTS_DIR; };
		6F0827CCF396EEE08B8AEBCA /* libPods-VKNewsFeed.a */ = {isa = PBXFileReference; explicitFileType = archive.ar; includeInIndex = 0; path = "libPods-VKNewsFeed.a"; sourceTree = BUILT_PRODUCTS_DIR; };
		8E2179AF8F383AB26A13BB9C /* Pods-VKNewsFeed.debug.xcconfig */ = {isa = PBXFileReference; includeInIndex = 1; lastKnownFileType = text.xcconfig; name = "Pods-VKNewsFeed.debug.xcconfig"; path = "Target Support Files/Pods-VKNewsFeed/Pods-VKNewsFeed.debug.xcconfig"; sourceTree = "<group>"; };
		B9098195B0FD59296EDD8089 /* Pods-VKNewsFeed.release.xcconfig */ = {isa = PBXFileReference; includeInIndex = 1; lastKnownFileType = text.xcconfig; name = "Pods-VKNewsFeed.release.xcconfig"; path = "Target Support Files/Pods-VKNewsFeed/Pods-VKNewsFeed.release.xcconfig"; sourceTree = "<group>"; };
/* End PBXFileReference section */

/* Begin PBXFrameworksBuildPhase section */
		1FB92A322449C28B008716C1 /* Frameworks */ = {
			isa = PBXFrameworksBuildPhase;
			buildActionMask = 2147483647;
			files = (
				E9FF65F60057C2EF1C8CBA51 /* libPods-VKNewsFeed.a in Frameworks */,
			);
			runOnlyForDeploymentPostprocessing = 0;
		};
/* End PBXFrameworksBuildPhase section */

/* Begin PBXGroup section */
		1F97F9532449EB6300057553 /* Recovered References */ = {
			isa = PBXGroup;
			children = (
				26DF8E0F5C5BD0B1882161D5 /* Pods_VKNewsFeed.framework */,
			);
			name = "Recovered References";
			sourceTree = "<group>";
		};
		1FB92A2C2449C28B008716C1 = {
			isa = PBXGroup;
			children = (
				1FB92A4C2449C7BD008716C1 /* VKNewsFeed */,
				1FB92A362449C28B008716C1 /* Products */,
				7C9E8F031BD77A361F25D7B9 /* Pods */,
				4EEAE78C6224ECFE75C60B31 /* Frameworks */,
				1F97F9532449EB6300057553 /* Recovered References */,
			);
			sourceTree = "<group>";
		};
		1FB92A362449C28B008716C1 /* Products */ = {
			isa = PBXGroup;
			children = (
				1FB92A352449C28B008716C1 /* VKNewsFeed.app */,
			);
			name = Products;
			sourceTree = "<group>";
		};
		1FB92A4C2449C7BD008716C1 /* VKNewsFeed */ = {
			isa = PBXGroup;
			children = (
				1FB92A4D2449C7BD008716C1 /* Auth */,
				1FB92A572449C7BD008716C1 /* FeedViewController */,
				1FB92A5A2449C7BD008716C1 /* Helpers */,
				1FB92A5C2449C7BD008716C1 /* Services */,
				1FB92A502449C7BD008716C1 /* Supporting files */,
			);
			path = VKNewsFeed;
			sourceTree = "<group>";
		};
		1FB92A4D2449C7BD008716C1 /* Auth */ = {
			isa = PBXGroup;
			children = (
				1FB92A4E2449C7BD008716C1 /* AuthViewController.swift */,
				1FB92A4F2449C7BD008716C1 /* AuthViewController.storyboard */,
			);
			path = Auth;
			sourceTree = "<group>";
		};
		1FB92A502449C7BD008716C1 /* Supporting files */ = {
			isa = PBXGroup;
			children = (
				1FB92A512449C7BD008716C1 /* Assets.xcassets */,
				1FB92A522449C7BD008716C1 /* LaunchScreen.storyboard */,
				1FB92A542449C7BD008716C1 /* AppDelegate.swift */,
				1FB92A552449C7BD008716C1 /* Info.plist */,
				1FB92A562449C7BD008716C1 /* SceneDelegate.swift */,
			);
			path = "Supporting files";
			sourceTree = "<group>";
		};
		1FB92A572449C7BD008716C1 /* FeedViewController */ = {
			isa = PBXGroup;
			children = (
				1FB92A582449C7BD008716C1 /* FeedViewController.storyboard */,
				1FB92A592449C7BD008716C1 /* FeedViewController.swift */,
			);
			path = FeedViewController;
			sourceTree = "<group>";
		};
		1FB92A5A2449C7BD008716C1 /* Helpers */ = {
			isa = PBXGroup;
			children = (
				1FB92A5B2449C7BD008716C1 /* UIViewController + Storyboard.swift */,
			);
			path = Helpers;
			sourceTree = "<group>";
		};
		1FB92A5C2449C7BD008716C1 /* Services */ = {
			isa = PBXGroup;
			children = (
				1FB92A5F2449C7BD008716C1 /* API.swift */,
				1FB92A5E2449C7BD008716C1 /* AuthService.swift */,
				1FB92A5D2449C7BD008716C1 /* NetworkService.swift */,
			);
			path = Services;
			sourceTree = "<group>";
		};
		4EEAE78C6224ECFE75C60B31 /* Frameworks */ = {
			isa = PBXGroup;
			children = (
				6F0827CCF396EEE08B8AEBCA /* libPods-VKNewsFeed.a */,
			);
			name = Frameworks;
			sourceTree = "<group>";
		};
		7C9E8F031BD77A361F25D7B9 /* Pods */ = {
			isa = PBXGroup;
			children = (
				8E2179AF8F383AB26A13BB9C /* Pods-VKNewsFeed.debug.xcconfig */,
				B9098195B0FD59296EDD8089 /* Pods-VKNewsFeed.release.xcconfig */,
			);
			path = Pods;
			sourceTree = "<group>";
		};
/* End PBXGroup section */

/* Begin PBXNativeTarget section */
		1FB92A342449C28B008716C1 /* VKNewsFeed */ = {
			isa = PBXNativeTarget;
			buildConfigurationList = 1FB92A492449C28E008716C1 /* Build configuration list for PBXNativeTarget "VKNewsFeed" */;
			buildPhases = (
				588C586EDB59207226342844 /* [CP] Check Pods Manifest.lock */,
				1FB92A312449C28B008716C1 /* Sources */,
				1FB92A322449C28B008716C1 /* Frameworks */,
				1FB92A332449C28B008716C1 /* Resources */,
				1F97F9512449E22300057553 /* Embed Frameworks */,
				70DC5389A54A9071F95A6D37 /* [CP] Copy Pods Resources */,
			);
			buildRules = (
			);
			dependencies = (
			);
			name = VKNewsFeed;
			productName = VKNewsFeed;
			productReference = 1FB92A352449C28B008716C1 /* VKNewsFeed.app */;
			productType = "com.apple.product-type.application";
		};
/* End PBXNativeTarget section */

/* Begin PBXProject section */
		1FB92A2D2449C28B008716C1 /* Project object */ = {
			isa = PBXProject;
			attributes = {
				LastSwiftUpdateCheck = 1140;
				LastUpgradeCheck = 1140;
				ORGANIZATIONNAME = "Александр Цветков";
				TargetAttributes = {
					1FB92A342449C28B008716C1 = {
						CreatedOnToolsVersion = 11.4.1;
					};
				};
			};
			buildConfigurationList = 1FB92A302449C28B008716C1 /* Build configuration list for PBXProject "VKNewsFeed" */;
			compatibilityVersion = "Xcode 9.3";
			developmentRegion = en;
			hasScannedForEncodings = 0;
			knownRegions = (
				en,
				Base,
			);
			mainGroup = 1FB92A2C2449C28B008716C1;
			productRefGroup = 1FB92A362449C28B008716C1 /* Products */;
			projectDirPath = "";
			projectRoot = "";
			targets = (
				1FB92A342449C28B008716C1 /* VKNewsFeed */,
			);
		};
/* End PBXProject section */

/* Begin PBXResourcesBuildPhase section */
		1FB92A332449C28B008716C1 /* Resources */ = {
			isa = PBXResourcesBuildPhase;
			buildActionMask = 2147483647;
			files = (
				1FB92A632449C7BD008716C1 /* LaunchScreen.storyboard in Resources */,
				1FB92A622449C7BD008716C1 /* Assets.xcassets in Resources */,
				1FB92A672449C7BD008716C1 /* FeedViewController.storyboard in Resources */,
				1FB92A612449C7BD008716C1 /* AuthViewController.storyboard in Resources */,
			);
			runOnlyForDeploymentPostprocessing = 0;
		};
/* End PBXResourcesBuildPhase section */

/* Begin PBXShellScriptBuildPhase section */
		588C586EDB59207226342844 /* [CP] Check Pods Manifest.lock */ = {
			isa = PBXShellScriptBuildPhase;
			buildActionMask = 2147483647;
			files = (
			);
			inputFileListPaths = (
			);
			inputPaths = (
				"${PODS_PODFILE_DIR_PATH}/Podfile.lock",
				"${PODS_ROOT}/Manifest.lock",
			);
			name = "[CP] Check Pods Manifest.lock";
			outputFileListPaths = (
			);
			outputPaths = (
				"$(DERIVED_FILE_DIR)/Pods-VKNewsFeed-checkManifestLockResult.txt",
			);
			runOnlyForDeploymentPostprocessing = 0;
			shellPath = /bin/sh;
			shellScript = "diff \"${PODS_PODFILE_DIR_PATH}/Podfile.lock\" \"${PODS_ROOT}/Manifest.lock\" > /dev/null\nif [ $? != 0 ] ; then\n    # print error to STDERR\n    echo \"error: The sandbox is not in sync with the Podfile.lock. Run 'pod install' or update your CocoaPods installation.\" >&2\n    exit 1\nfi\n# This output is used by Xcode 'outputs' to avoid re-running this script phase.\necho \"SUCCESS\" > \"${SCRIPT_OUTPUT_FILE_0}\"\n";
			showEnvVarsInLog = 0;
		};
		70DC5389A54A9071F95A6D37 /* [CP] Copy Pods Resources */ = {
			isa = PBXShellScriptBuildPhase;
			buildActionMask = 2147483647;
			files = (
			);
			inputFileListPaths = (
				"${PODS_ROOT}/Target Support Files/Pods-VKNewsFeed/Pods-VKNewsFeed-resources-${CONFIGURATION}-input-files.xcfilelist",
			);
			name = "[CP] Copy Pods Resources";
			outputFileListPaths = (
				"${PODS_ROOT}/Target Support Files/Pods-VKNewsFeed/Pods-VKNewsFeed-resources-${CONFIGURATION}-output-files.xcfilelist",
			);
			runOnlyForDeploymentPostprocessing = 0;
			shellPath = /bin/sh;
			shellScript = "\"${PODS_ROOT}/Target Support Files/Pods-VKNewsFeed/Pods-VKNewsFeed-resources.sh\"\n";
			showEnvVarsInLog = 0;
		};
/* End PBXShellScriptBuildPhase section */

/* Begin PBXSourcesBuildPhase section */
		1FB92A312449C28B008716C1 /* Sources */ = {
			isa = PBXSourcesBuildPhase;
			buildActionMask = 2147483647;
			files = (
				1FB92A642449C7BD008716C1 /* AppDelegate.swift in Sources */,
				1FB92A692449C7BD008716C1 /* UIViewController + Storyboard.swift in Sources */,
				1FB92A602449C7BD008716C1 /* AuthViewController.swift in Sources */,
				1FB92A682449C7BD008716C1 /* FeedViewController.swift in Sources */,
				1FB92A6A2449C7BD008716C1 /* NetworkService.swift in Sources */,
				1FB92A662449C7BD008716C1 /* SceneDelegate.swift in Sources */,
				1FB92A6C2449C7BD008716C1 /* API.swift in Sources */,
				1FB92A6B2449C7BD008716C1 /* AuthService.swift in Sources */,
			);
			runOnlyForDeploymentPostprocessing = 0;
		};
/* End PBXSourcesBuildPhase section */

/* Begin PBXVariantGroup section */
		1FB92A522449C7BD008716C1 /* LaunchScreen.storyboard */ = {
			isa = PBXVariantGroup;
			children = (
				1FB92A532449C7BD008716C1 /* Base */,
			);
			name = LaunchScreen.storyboard;
			sourceTree = "<group>";
		};
/* End PBXVariantGroup section */

/* Begin XCBuildConfiguration section */
		1FB92A472449C28E008716C1 /* Debug */ = {
			isa = XCBuildConfiguration;
			buildSettings = {
				ALWAYS_SEARCH_USER_PATHS = NO;
				CLANG_ANALYZER_NONNULL = YES;
				CLANG_ANALYZER_NUMBER_OBJECT_CONVERSION = YES_AGGRESSIVE;
				CLANG_CXX_LANGUAGE_STANDARD = "gnu++14";
				CLANG_CXX_LIBRARY = "libc++";
				CLANG_ENABLE_MODULES = YES;
				CLANG_ENABLE_OBJC_ARC = YES;
				CLANG_ENABLE_OBJC_WEAK = YES;
				CLANG_WARN_BLOCK_CAPTURE_AUTORELEASING = YES;
				CLANG_WARN_BOOL_CONVERSION = YES;
				CLANG_WARN_COMMA = YES;
				CLANG_WARN_CONSTANT_CONVERSION = YES;
				CLANG_WARN_DEPRECATED_OBJC_IMPLEMENTATIONS = YES;
				CLANG_WARN_DIRECT_OBJC_ISA_USAGE = YES_ERROR;
				CLANG_WARN_DOCUMENTATION_COMMENTS = YES;
				CLANG_WARN_EMPTY_BODY = YES;
				CLANG_WARN_ENUM_CONVERSION = YES;
				CLANG_WARN_INFINITE_RECURSION = YES;
				CLANG_WARN_INT_CONVERSION = YES;
				CLANG_WARN_NON_LITERAL_NULL_CONVERSION = YES;
				CLANG_WARN_OBJC_IMPLICIT_RETAIN_SELF = YES;
				CLANG_WARN_OBJC_LITERAL_CONVERSION = YES;
				CLANG_WARN_OBJC_ROOT_CLASS = YES_ERROR;
				CLANG_WARN_RANGE_LOOP_ANALYSIS = YES;
				CLANG_WARN_STRICT_PROTOTYPES = YES;
				CLANG_WARN_SUSPICIOUS_MOVE = YES;
				CLANG_WARN_UNGUARDED_AVAILABILITY = YES_AGGRESSIVE;
				CLANG_WARN_UNREACHABLE_CODE = YES;
				CLANG_WARN__DUPLICATE_METHOD_MATCH = YES;
				COPY_PHASE_STRIP = NO;
				DEBUG_INFORMATION_FORMAT = dwarf;
				ENABLE_STRICT_OBJC_MSGSEND = YES;
				ENABLE_TESTABILITY = YES;
				GCC_C_LANGUAGE_STANDARD = gnu11;
				GCC_DYNAMIC_NO_PIC = NO;
				GCC_NO_COMMON_BLOCKS = YES;
				GCC_OPTIMIZATION_LEVEL = 0;
				GCC_PREPROCESSOR_DEFINITIONS = (
					"DEBUG=1",
					"$(inherited)",
				);
				GCC_WARN_64_TO_32_BIT_CONVERSION = YES;
				GCC_WARN_ABOUT_RETURN_TYPE = YES_ERROR;
				GCC_WARN_UNDECLARED_SELECTOR = YES;
				GCC_WARN_UNINITIALIZED_AUTOS = YES_AGGRESSIVE;
				GCC_WARN_UNUSED_FUNCTION = YES;
				GCC_WARN_UNUSED_VARIABLE = YES;
				IPHONEOS_DEPLOYMENT_TARGET = 13.3;
				MTL_ENABLE_DEBUG_INFO = INCLUDE_SOURCE;
				MTL_FAST_MATH = YES;
				ONLY_ACTIVE_ARCH = YES;
				SDKROOT = iphoneos;
				SWIFT_ACTIVE_COMPILATION_CONDITIONS = DEBUG;
				SWIFT_OPTIMIZATION_LEVEL = "-Onone";
			};
			name = Debug;
		};
		1FB92A482449C28E008716C1 /* Release */ = {
			isa = XCBuildConfiguration;
			buildSettings = {
				ALWAYS_SEARCH_USER_PATHS = NO;
				CLANG_ANALYZER_NONNULL = YES;
				CLANG_ANALYZER_NUMBER_OBJECT_CONVERSION = YES_AGGRESSIVE;
				CLANG_CXX_LANGUAGE_STANDARD = "gnu++14";
				CLANG_CXX_LIBRARY = "libc++";
				CLANG_ENABLE_MODULES = YES;
				CLANG_ENABLE_OBJC_ARC = YES;
				CLANG_ENABLE_OBJC_WEAK = YES;
				CLANG_WARN_BLOCK_CAPTURE_AUTORELEASING = YES;
				CLANG_WARN_BOOL_CONVERSION = YES;
				CLANG_WARN_COMMA = YES;
				CLANG_WARN_CONSTANT_CONVERSION = YES;
				CLANG_WARN_DEPRECATED_OBJC_IMPLEMENTATIONS = YES;
				CLANG_WARN_DIRECT_OBJC_ISA_USAGE = YES_ERROR;
				CLANG_WARN_DOCUMENTATION_COMMENTS = YES;
				CLANG_WARN_EMPTY_BODY = YES;
				CLANG_WARN_ENUM_CONVERSION = YES;
				CLANG_WARN_INFINITE_RECURSION = YES;
				CLANG_WARN_INT_CONVERSION = YES;
				CLANG_WARN_NON_LITERAL_NULL_CONVERSION = YES;
				CLANG_WARN_OBJC_IMPLICIT_RETAIN_SELF = YES;
				CLANG_WARN_OBJC_LITERAL_CONVERSION = YES;
				CLANG_WARN_OBJC_ROOT_CLASS = YES_ERROR;
				CLANG_WARN_RANGE_LOOP_ANALYSIS = YES;
				CLANG_WARN_STRICT_PROTOTYPES = YES;
				CLANG_WARN_SUSPICIOUS_MOVE = YES;
				CLANG_WARN_UNGUARDED_AVAILABILITY = YES_AGGRESSIVE;
				CLANG_WARN_UNREACHABLE_CODE = YES;
				CLANG_WARN__DUPLICATE_METHOD_MATCH = YES;
				COPY_PHASE_STRIP = NO;
				DEBUG_INFORMATION_FORMAT = "dwarf-with-dsym";
				ENABLE_NS_ASSERTIONS = NO;
				ENABLE_STRICT_OBJC_MSGSEND = YES;
				GCC_C_LANGUAGE_STANDARD = gnu11;
				GCC_NO_COMMON_BLOCKS = YES;
				GCC_WARN_64_TO_32_BIT_CONVERSION = YES;
				GCC_WARN_ABOUT_RETURN_TYPE = YES_ERROR;
				GCC_WARN_UNDECLARED_SELECTOR = YES;
				GCC_WARN_UNINITIALIZED_AUTOS = YES_AGGRESSIVE;
				GCC_WARN_UNUSED_FUNCTION = YES;
				GCC_WARN_UNUSED_VARIABLE = YES;
				IPHONEOS_DEPLOYMENT_TARGET = 13.3;
				MTL_ENABLE_DEBUG_INFO = NO;
				MTL_FAST_MATH = YES;
				SDKROOT = iphoneos;
				SWIFT_COMPILATION_MODE = wholemodule;
				SWIFT_OPTIMIZATION_LEVEL = "-O";
				VALIDATE_PRODUCT = YES;
			};
			name = Release;
		};
		1FB92A4A2449C28E008716C1 /* Debug */ = {
			isa = XCBuildConfiguration;
			baseConfigurationReference = 8E2179AF8F383AB26A13BB9C /* Pods-VKNewsFeed.debug.xcconfig */;
			buildSettings = {
				ASSETCATALOG_COMPILER_APPICON_NAME = AppIcon;
				CODE_SIGN_STYLE = Automatic;
				DEVELOPMENT_TEAM = P4RLTSR7RF;
				INFOPLIST_FILE = "$(SRCROOT)/VKNewsFeed/Supporting files/Info.plist";
				IPHONEOS_DEPLOYMENT_TARGET = 13.3;
				LD_RUNPATH_SEARCH_PATHS = (
					"$(inherited)",
					"@executable_path/Frameworks",
				);
				PRODUCT_BUNDLE_IDENTIFIER = Tsvetkov.Alexander.VKNewsFeed;
				PRODUCT_NAME = "$(TARGET_NAME)";
				SWIFT_VERSION = 5.0;
				TARGETED_DEVICE_FAMILY = "1,2";
			};
			name = Debug;
		};
		1FB92A4B2449C28E008716C1 /* Release */ = {
			isa = XCBuildConfiguration;
			baseConfigurationReference = B9098195B0FD59296EDD8089 /* Pods-VKNewsFeed.release.xcconfig */;
			buildSettings = {
				ASSETCATALOG_COMPILER_APPICON_NAME = AppIcon;
				CODE_SIGN_STYLE = Automatic;
				DEVELOPMENT_TEAM = P4RLTSR7RF;
				INFOPLIST_FILE = "$(SRCROOT)/VKNewsFeed/Supporting files/Info.plist";
				IPHONEOS_DEPLOYMENT_TARGET = 13.3;
				LD_RUNPATH_SEARCH_PATHS = (
					"$(inherited)",
					"@executable_path/Frameworks",
				);
				PRODUCT_BUNDLE_IDENTIFIER = Tsvetkov.Alexander.VKNewsFeed;
				PRODUCT_NAME = "$(TARGET_NAME)";
				SWIFT_VERSION = 5.0;
				TARGETED_DEVICE_FAMILY = "1,2";
			};
			name = Release;
		};
/* End XCBuildConfiguration section */

/* Begin XCConfigurationList section */
		1FB92A302449C28B008716C1 /* Build configuration list for PBXProject "VKNewsFeed" */ = {
			isa = XCConfigurationList;
			buildConfigurations = (
				1FB92A472449C28E008716C1 /* Debug */,
				1FB92A482449C28E008716C1 /* Release */,
			);
			defaultConfigurationIsVisible = 0;
			defaultConfigurationName = Release;
		};
		1FB92A492449C28E008716C1 /* Build configuration list for PBXNativeTarget "VKNewsFeed" */ = {
			isa = XCConfigurationList;
			buildConfigurations = (
				1FB92A4A2449C28E008716C1 /* Debug */,
				1FB92A4B2449C28E008716C1 /* Release */,
			);
			defaultConfigurationIsVisible = 0;
			defaultConfigurationName = Release;
		};
/* End XCConfigurationList section */
	};
	rootObject = 1FB92A2D2449C28B008716C1 /* Project object */;
}
